
Microsoft Visual Studio Solution File, Format Version 12.00
# Visual Studio Version 17
VisualStudioVersion = 17.13.35931.197 d17.13
MinimumVisualStudioVersion = 10.0.40219.1
Project("{FAE04EC0-301F-11D3-BF4B-00C04F79EFBC}") = "WpfApp1", "WpfApp1.csproj", "{55AA8E4B-A5AD-4F33-85E6-90FAC692633A}"
EndProject
Global
	GlobalSection(SolutionConfigurationPlatforms) = preSolution
		Debug|Any CPU = Debug|Any CPU
		Release|Any CPU = Release|Any CPU
	EndGlobalSection
	GlobalSection(ProjectConfigurationPlatforms) = postSolution
		{55AA8E4B-A5AD-4F33-85E6-90FAC692633A}.Debug|Any CPU.ActiveCfg = Debug|Any CPU
		{55AA8E4B-A5AD-4F33-85E6-90FAC692633A}.Debug|Any CPU.Build.0 = Debug|Any CPU
		{55AA8E4B-A5AD-4F33-85E6-90FAC692633A}.Release|Any CPU.ActiveCfg = Release|Any CPU
		{55AA8E4B-A5AD-4F33-85E6-90FAC692633A}.Release|Any CPU.Build.0 = Release|Any CPU
	EndGlobalSection
	GlobalSection(SolutionProperties) = preSolution
		HideSolutionNode = FALSE
	EndGlobalSection
	GlobalSection(ExtensibilityGlobals) = postSolution
		SolutionGuid = {5F7E77A6-3636-440B-B9E2-3165F133CEB8}
	EndGlobalSection
EndGlobal
